{
  "name": "@involvemint/scss",
  "version": "0.1.0",
  "lockfileVersion": 2,
  "requires": true,
  "packages": {
    "": {
      "name": "@involvemint/scss",
      "version": "0.1.0",
      "dependencies": {
        "@involvemint/scss": "file:"
      }
    },
    "node_modules/@involvemint/scss": {
      "resolved": "",
      "link": true
    }
  },
  "dependencies": {
    "@involvemint/scss": {
      "version": "file:",
      "requires": {
        "@involvemint/scss": "file:"
      }
    }
  }
}
